
Microsoft Visual Studio Solution File, Format Version 12.00
# Visual Studio 15
VisualStudioVersion = 15.0.26124.0
MinimumVisualStudioVersion = 15.0.26124.0
Project("{FAE04EC0-301F-11D3-BF4B-00C04F79EFBC}") = "DeathRace", "DeathRace\DeathRace.csproj", "{EBF6CC01-889A-453E-A296-35F3F66A1500}"
EndProject
Project("{FAE04EC0-301F-11D3-BF4B-00C04F79EFBC}") = "DeathRace.Tests", "DeathRace.Tests\DeathRace.Tests.csproj", "{4D22B5F4-629A-4973-A72B-66B35BA6AFEC}"
EndProject
Global
	GlobalSection(SolutionConfigurationPlatforms) = preSolution
		Debug|Any CPU = Debug|Any CPU
		Debug|x64 = Debug|x64
		Debug|x86 = Debug|x86
		Release|Any CPU = Release|Any CPU
		Release|x64 = Release|x64
		Release|x86 = Release|x86
	EndGlobalSection
	GlobalSection(SolutionProperties) = preSolution
		HideSolutionNode = FALSE
	EndGlobalSection
	GlobalSection(ProjectConfigurationPlatforms) = postSolution
		{EBF6CC01-889A-453E-A296-35F3F66A1500}.Debug|Any CPU.ActiveCfg = Debug|Any CPU
		{EBF6CC01-889A-453E-A296-35F3F66A1500}.Debug|Any CPU.Build.0 = Debug|Any CPU
		{EBF6CC01-889A-453E-A296-35F3F66A1500}.Debug|x64.ActiveCfg = Debug|Any CPU
		{EBF6CC01-889A-453E-A296-35F3F66A1500}.Debug|x64.Build.0 = Debug|Any CPU
		{EBF6CC01-889A-453E-A296-35F3F66A1500}.Debug|x86.ActiveCfg = Debug|Any CPU
		{EBF6CC01-889A-453E-A296-35F3F66A1500}.Debug|x86.Build.0 = Debug|Any CPU
		{EBF6CC01-889A-453E-A296-35F3F66A1500}.Release|Any CPU.ActiveCfg = Release|Any CPU
		{EBF6CC01-889A-453E-A296-35F3F66A1500}.Release|Any CPU.Build.0 = Release|Any CPU
		{EBF6CC01-889A-453E-A296-35F3F66A1500}.Release|x64.ActiveCfg = Release|Any CPU
		{EBF6CC01-889A-453E-A296-35F3F66A1500}.Release|x64.Build.0 = Release|Any CPU
		{EBF6CC01-889A-453E-A296-35F3F66A1500}.Release|x86.ActiveCfg = Release|Any CPU
		{EBF6CC01-889A-453E-A296-35F3F66A1500}.Release|x86.Build.0 = Release|Any CPU
		{4D22B5F4-629A-4973-A72B-66B35BA6AFEC}.Debug|Any CPU.ActiveCfg = Debug|Any CPU
		{4D22B5F4-629A-4973-A72B-66B35BA6AFEC}.Debug|Any CPU.Build.0 = Debug|Any CPU
		{4D22B5F4-629A-4973-A72B-66B35BA6AFEC}.Debug|x64.ActiveCfg = Debug|Any CPU
		{4D22B5F4-629A-4973-A72B-66B35BA6AFEC}.Debug|x64.Build.0 = Debug|Any CPU
		{4D22B5F4-629A-4973-A72B-66B35BA6AFEC}.Debug|x86.ActiveCfg = Debug|Any CPU
		{4D22B5F4-629A-4973-A72B-66B35BA6AFEC}.Debug|x86.Build.0 = Debug|Any CPU
		{4D22B5F4-629A-4973-A72B-66B35BA6AFEC}.Release|Any CPU.ActiveCfg = Release|Any CPU
		{4D22B5F4-629A-4973-A72B-66B35BA6AFEC}.Release|Any CPU.Build.0 = Release|Any CPU
		{4D22B5F4-629A-4973-A72B-66B35BA6AFEC}.Release|x64.ActiveCfg = Release|Any CPU
		{4D22B5F4-629A-4973-A72B-66B35BA6AFEC}.Release|x64.Build.0 = Release|Any CPU
		{4D22B5F4-629A-4973-A72B-66B35BA6AFEC}.Release|x86.ActiveCfg = Release|Any CPU
		{4D22B5F4-629A-4973-A72B-66B35BA6AFEC}.Release|x86.Build.0 = Release|Any CPU
	EndGlobalSection
EndGlobal
